
Microsoft Visual Studio Solution File, Format Version 12.00
# Visual Studio Version 16
VisualStudioVersion = 16.0.810.7
MinimumVisualStudioVersion = 10.0.40219.1
Project("{FAE04EC0-301F-11D3-BF4B-00C04F79EFBC}") = "eShopSolution.WebApp", "eShopSolution.WebApp\eShopSolution.WebApp.csproj", "{EE63737D-D80B-4F65-9D8E-9148E2854957}"
EndProject
Project("{2150E333-8FDC-42A3-9474-1A3956D46DE8}") = "Solution Items", "Solution Items", "{80F5E912-81FF-469D-AE38-D0CA00C3288D}"
	ProjectSection(SolutionItems) = preProject
		README.md = README.md
	EndProjectSection
EndProject
Project("{FAE04EC0-301F-11D3-BF4B-00C04F79EFBC}") = "eShopSolution.Data", "eShopSolution.Data\eShopSolution.Data.csproj", "{869F1938-FE8B-4322-A436-4C3B4BC4CFA3}"
EndProject
Project("{FAE04EC0-301F-11D3-BF4B-00C04F79EFBC}") = "eShopSolution.ViewModels", "eShopSolution.ViewModels\eShopSolution.ViewModels.csproj", "{F460D59B-E55D-4C0B-A23F-D11A4FCCD338}"
EndProject
Project("{FAE04EC0-301F-11D3-BF4B-00C04F79EFBC}") = "eShopSolution.Utilities", "eShopSolution.Utilities\eShopSolution.Utilities.csproj", "{AA29CC0B-4310-4D87-B8F2-619943266859}"
EndProject
Project("{FAE04EC0-301F-11D3-BF4B-00C04F79EFBC}") = "eShopSolution.BackendApi", "eShopSolution.BackendApi\eShopSolution.BackendApi.csproj", "{A69D00F6-06D4-4140-9342-001BD3639824}"
EndProject
Project("{9344BDBB-3E7F-41FC-A0DD-8665D75EE146}") = "eShopSolution.Application", "eShopSolution.Application\eShopSolution.Application.csproj", "{D796AED1-D087-4D6D-9B96-035CCAFD274E}"
EndProject
Global
	GlobalSection(SolutionConfigurationPlatforms) = preSolution
		Debug|Any CPU = Debug|Any CPU
		Release|Any CPU = Release|Any CPU
	EndGlobalSection
	GlobalSection(ProjectConfigurationPlatforms) = postSolution
		{EE63737D-D80B-4F65-9D8E-9148E2854957}.Debug|Any CPU.ActiveCfg = Debug|Any CPU
		{EE63737D-D80B-4F65-9D8E-9148E2854957}.Debug|Any CPU.Build.0 = Debug|Any CPU
		{EE63737D-D80B-4F65-9D8E-9148E2854957}.Release|Any CPU.ActiveCfg = Release|Any CPU
		{EE63737D-D80B-4F65-9D8E-9148E2854957}.Release|Any CPU.Build.0 = Release|Any CPU
		{869F1938-FE8B-4322-A436-4C3B4BC4CFA3}.Debug|Any CPU.ActiveCfg = Debug|Any CPU
		{869F1938-FE8B-4322-A436-4C3B4BC4CFA3}.Debug|Any CPU.Build.0 = Debug|Any CPU
		{869F1938-FE8B-4322-A436-4C3B4BC4CFA3}.Release|Any CPU.ActiveCfg = Release|Any CPU
		{869F1938-FE8B-4322-A436-4C3B4BC4CFA3}.Release|Any CPU.Build.0 = Release|Any CPU
		{F460D59B-E55D-4C0B-A23F-D11A4FCCD338}.Debug|Any CPU.ActiveCfg = Debug|Any CPU
		{F460D59B-E55D-4C0B-A23F-D11A4FCCD338}.Debug|Any CPU.Build.0 = Debug|Any CPU
		{F460D59B-E55D-4C0B-A23F-D11A4FCCD338}.Release|Any CPU.ActiveCfg = Release|Any CPU
		{F460D59B-E55D-4C0B-A23F-D11A4FCCD338}.Release|Any CPU.Build.0 = Release|Any CPU
		{AA29CC0B-4310-4D87-B8F2-619943266859}.Debug|Any CPU.ActiveCfg = Debug|Any CPU
		{AA29CC0B-4310-4D87-B8F2-619943266859}.Debug|Any CPU.Build.0 = Debug|Any CPU
		{AA29CC0B-4310-4D87-B8F2-619943266859}.Release|Any CPU.ActiveCfg = Release|Any CPU
		{AA29CC0B-4310-4D87-B8F2-619943266859}.Release|Any CPU.Build.0 = Release|Any CPU
		{A69D00F6-06D4-4140-9342-001BD3639824}.Debug|Any CPU.ActiveCfg = Debug|Any CPU
		{A69D00F6-06D4-4140-9342-001BD3639824}.Debug|Any CPU.Build.0 = Debug|Any CPU
		{A69D00F6-06D4-4140-9342-001BD3639824}.Release|Any CPU.ActiveCfg = Release|Any CPU
		{A69D00F6-06D4-4140-9342-001BD3639824}.Release|Any CPU.Build.0 = Release|Any CPU
		{D796AED1-D087-4D6D-9B96-035CCAFD274E}.Debug|Any CPU.ActiveCfg = Debug|Any CPU
		{D796AED1-D087-4D6D-9B96-035CCAFD274E}.Debug|Any CPU.Build.0 = Debug|Any CPU
		{D796AED1-D087-4D6D-9B96-035CCAFD274E}.Release|Any CPU.ActiveCfg = Release|Any CPU
		{D796AED1-D087-4D6D-9B96-035CCAFD274E}.Release|Any CPU.Build.0 = Release|Any CPU
	EndGlobalSection
	GlobalSection(SolutionProperties) = preSolution
		HideSolutionNode = FALSE
	EndGlobalSection
	GlobalSection(ExtensibilityGlobals) = postSolution
		SolutionGuid = {021FD81F-D118-4F8C-BA18-EB0AB77F6654}
	EndGlobalSection
EndGlobal
